
Microsoft Visual Studio Solution File, Format Version 12.00
# Visual Studio Version 17
VisualStudioVersion = 17.5.33516.290
MinimumVisualStudioVersion = 10.0.40219.1
Project("{FAE04EC0-301F-11D3-BF4B-00C04F79EFBC}") = "ex004", "ex004\ex004.csproj", "{F825D2AB-3922-43DD-A61D-6C82B179D986}"
EndProject
Global
	GlobalSection(SolutionConfigurationPlatforms) = preSolution
		Debug|Any CPU = Debug|Any CPU
		Release|Any CPU = Release|Any CPU
	EndGlobalSection
	GlobalSection(ProjectConfigurationPlatforms) = postSolution
		{F825D2AB-3922-43DD-A61D-6C82B179D986}.Debug|Any CPU.ActiveCfg = Debug|Any CPU
		{F825D2AB-3922-43DD-A61D-6C82B179D986}.Debug|Any CPU.Build.0 = Debug|Any CPU
		{F825D2AB-3922-43DD-A61D-6C82B179D986}.Release|Any CPU.ActiveCfg = Release|Any CPU
		{F825D2AB-3922-43DD-A61D-6C82B179D986}.Release|Any CPU.Build.0 = Release|Any CPU
	EndGlobalSection
	GlobalSection(SolutionProperties) = preSolution
		HideSolutionNode = FALSE
	EndGlobalSection
	GlobalSection(ExtensibilityGlobals) = postSolution
		SolutionGuid = {10E88E4C-FE1F-4B27-8F37-9E6AA1DE9DC2}
	EndGlobalSection
EndGlobal
