
Microsoft Visual Studio Solution File, Format Version 12.00
# Visual Studio Version 17
VisualStudioVersion = 17.5.33516.290
MinimumVisualStudioVersion = 10.0.40219.1
Project("{FAE04EC0-301F-11D3-BF4B-00C04F79EFBC}") = "estruturasRepeticao", "estruturasRepeticao\estruturasRepeticao.csproj", "{CC8F9A80-EDD5-4BD0-ABE2-E965F8F649B0}"
EndProject
Global
	GlobalSection(SolutionConfigurationPlatforms) = preSolution
		Debug|Any CPU = Debug|Any CPU
		Release|Any CPU = Release|Any CPU
	EndGlobalSection
	GlobalSection(ProjectConfigurationPlatforms) = postSolution
		{CC8F9A80-EDD5-4BD0-ABE2-E965F8F649B0}.Debug|Any CPU.ActiveCfg = Debug|Any CPU
		{CC8F9A80-EDD5-4BD0-ABE2-E965F8F649B0}.Debug|Any CPU.Build.0 = Debug|Any CPU
		{CC8F9A80-EDD5-4BD0-ABE2-E965F8F649B0}.Release|Any CPU.ActiveCfg = Release|Any CPU
		{CC8F9A80-EDD5-4BD0-ABE2-E965F8F649B0}.Release|Any CPU.Build.0 = Release|Any CPU
	EndGlobalSection
	GlobalSection(SolutionProperties) = preSolution
		HideSolutionNode = FALSE
	EndGlobalSection
	GlobalSection(ExtensibilityGlobals) = postSolution
		SolutionGuid = {E960B006-2628-4945-8CBB-966C88BE5323}
	EndGlobalSection
EndGlobal
