
Microsoft Visual Studio Solution File, Format Version 12.00
# Visual Studio Version 17
VisualStudioVersion = 17.5.33516.290
MinimumVisualStudioVersion = 10.0.40219.1
Project("{FAE04EC0-301F-11D3-BF4B-00C04F79EFBC}") = "ex003", "ex003\ex003.csproj", "{64603D22-B3DF-4DF1-896E-41CF09F86510}"
EndProject
Global
	GlobalSection(SolutionConfigurationPlatforms) = preSolution
		Debug|Any CPU = Debug|Any CPU
		Release|Any CPU = Release|Any CPU
	EndGlobalSection
	GlobalSection(ProjectConfigurationPlatforms) = postSolution
		{64603D22-B3DF-4DF1-896E-41CF09F86510}.Debug|Any CPU.ActiveCfg = Debug|Any CPU
		{64603D22-B3DF-4DF1-896E-41CF09F86510}.Debug|Any CPU.Build.0 = Debug|Any CPU
		{64603D22-B3DF-4DF1-896E-41CF09F86510}.Release|Any CPU.ActiveCfg = Release|Any CPU
		{64603D22-B3DF-4DF1-896E-41CF09F86510}.Release|Any CPU.Build.0 = Release|Any CPU
	EndGlobalSection
	GlobalSection(SolutionProperties) = preSolution
		HideSolutionNode = FALSE
	EndGlobalSection
	GlobalSection(ExtensibilityGlobals) = postSolution
		SolutionGuid = {F1CB58F3-12D9-4D37-879F-FCE874361F3D}
	EndGlobalSection
EndGlobal
