
Microsoft Visual Studio Solution File, Format Version 12.00
# Visual Studio Version 17
VisualStudioVersion = 17.5.33516.290
MinimumVisualStudioVersion = 10.0.40219.1
Project("{FAE04EC0-301F-11D3-BF4B-00C04F79EFBC}") = "ex007", "ex007\ex007.csproj", "{20DD8DC2-0DED-4827-BFC3-40AC2492AF3A}"
EndProject
Global
	GlobalSection(SolutionConfigurationPlatforms) = preSolution
		Debug|Any CPU = Debug|Any CPU
		Release|Any CPU = Release|Any CPU
	EndGlobalSection
	GlobalSection(ProjectConfigurationPlatforms) = postSolution
		{20DD8DC2-0DED-4827-BFC3-40AC2492AF3A}.Debug|Any CPU.ActiveCfg = Debug|Any CPU
		{20DD8DC2-0DED-4827-BFC3-40AC2492AF3A}.Debug|Any CPU.Build.0 = Debug|Any CPU
		{20DD8DC2-0DED-4827-BFC3-40AC2492AF3A}.Release|Any CPU.ActiveCfg = Release|Any CPU
		{20DD8DC2-0DED-4827-BFC3-40AC2492AF3A}.Release|Any CPU.Build.0 = Release|Any CPU
	EndGlobalSection
	GlobalSection(SolutionProperties) = preSolution
		HideSolutionNode = FALSE
	EndGlobalSection
	GlobalSection(ExtensibilityGlobals) = postSolution
		SolutionGuid = {A17AF0C1-A476-4127-834A-5D96F725D0E5}
	EndGlobalSection
EndGlobal
