
Microsoft Visual Studio Solution File, Format Version 12.00
# Visual Studio Version 17
VisualStudioVersion = 17.5.33516.290
MinimumVisualStudioVersion = 10.0.40219.1
Project("{FAE04EC0-301F-11D3-BF4B-00C04F79EFBC}") = "ForWhile", "ForWhile\ForWhile.csproj", "{9423665E-A032-4003-8432-9C405CAD3590}"
EndProject
Global
	GlobalSection(SolutionConfigurationPlatforms) = preSolution
		Debug|Any CPU = Debug|Any CPU
		Release|Any CPU = Release|Any CPU
	EndGlobalSection
	GlobalSection(ProjectConfigurationPlatforms) = postSolution
		{9423665E-A032-4003-8432-9C405CAD3590}.Debug|Any CPU.ActiveCfg = Debug|Any CPU
		{9423665E-A032-4003-8432-9C405CAD3590}.Debug|Any CPU.Build.0 = Debug|Any CPU
		{9423665E-A032-4003-8432-9C405CAD3590}.Release|Any CPU.ActiveCfg = Release|Any CPU
		{9423665E-A032-4003-8432-9C405CAD3590}.Release|Any CPU.Build.0 = Release|Any CPU
	EndGlobalSection
	GlobalSection(SolutionProperties) = preSolution
		HideSolutionNode = FALSE
	EndGlobalSection
	GlobalSection(ExtensibilityGlobals) = postSolution
		SolutionGuid = {414D12D4-4664-4A3F-9E22-F39829B1EF1A}
	EndGlobalSection
EndGlobal
