
Microsoft Visual Studio Solution File, Format Version 12.00
# Visual Studio Version 17
VisualStudioVersion = 17.5.33516.290
MinimumVisualStudioVersion = 10.0.40219.1
Project("{FAE04EC0-301F-11D3-BF4B-00C04F79EFBC}") = "Arrays", "Arrays\Arrays.csproj", "{D29035C3-07D9-439F-B057-E97B4C86D09B}"
EndProject
Global
	GlobalSection(SolutionConfigurationPlatforms) = preSolution
		Debug|Any CPU = Debug|Any CPU
		Release|Any CPU = Release|Any CPU
	EndGlobalSection
	GlobalSection(ProjectConfigurationPlatforms) = postSolution
		{D29035C3-07D9-439F-B057-E97B4C86D09B}.Debug|Any CPU.ActiveCfg = Debug|Any CPU
		{D29035C3-07D9-439F-B057-E97B4C86D09B}.Debug|Any CPU.Build.0 = Debug|Any CPU
		{D29035C3-07D9-439F-B057-E97B4C86D09B}.Release|Any CPU.ActiveCfg = Release|Any CPU
		{D29035C3-07D9-439F-B057-E97B4C86D09B}.Release|Any CPU.Build.0 = Release|Any CPU
	EndGlobalSection
	GlobalSection(SolutionProperties) = preSolution
		HideSolutionNode = FALSE
	EndGlobalSection
	GlobalSection(ExtensibilityGlobals) = postSolution
		SolutionGuid = {4B8BF3C2-1256-46E5-BE4E-5C38E26169D0}
	EndGlobalSection
EndGlobal
