
Microsoft Visual Studio Solution File, Format Version 12.00
# Visual Studio Version 17
VisualStudioVersion = 17.5.33516.290
MinimumVisualStudioVersion = 10.0.40219.1
Project("{FAE04EC0-301F-11D3-BF4B-00C04F79EFBC}") = "classesObjetos", "classesObjetos\classesObjetos.csproj", "{F6825CF9-AC4E-4EE7-B07E-25446A245E3C}"
EndProject
Project("{FAE04EC0-301F-11D3-BF4B-00C04F79EFBC}") = "MetodoDasClasses", "MetodoDasClasses\MetodoDasClasses.csproj", "{E35F5256-811C-407C-80FC-940C306CE313}"
EndProject
Project("{FAE04EC0-301F-11D3-BF4B-00C04F79EFBC}") = "TermoThis", "TermoThis\TermoThis.csproj", "{9752913C-438B-4448-8F0C-695DE5D1EC16}"
EndProject
Project("{FAE04EC0-301F-11D3-BF4B-00C04F79EFBC}") = "TipoDelegate", "TipoDelegate\TipoDelegate.csproj", "{4C041031-85A0-481A-92D7-5E5BAE8E326A}"
EndProject
Project("{FAE04EC0-301F-11D3-BF4B-00C04F79EFBC}") = "MetodoConstrutor", "MetodoConstrutor\MetodoConstrutor.csproj", "{6EE9CBB3-880A-4ECF-B867-E7C94BC99486}"
EndProject
Global
	GlobalSection(SolutionConfigurationPlatforms) = preSolution
		Debug|Any CPU = Debug|Any CPU
		Release|Any CPU = Release|Any CPU
	EndGlobalSection
	GlobalSection(ProjectConfigurationPlatforms) = postSolution
		{F6825CF9-AC4E-4EE7-B07E-25446A245E3C}.Debug|Any CPU.ActiveCfg = Debug|Any CPU
		{F6825CF9-AC4E-4EE7-B07E-25446A245E3C}.Debug|Any CPU.Build.0 = Debug|Any CPU
		{F6825CF9-AC4E-4EE7-B07E-25446A245E3C}.Release|Any CPU.ActiveCfg = Release|Any CPU
		{F6825CF9-AC4E-4EE7-B07E-25446A245E3C}.Release|Any CPU.Build.0 = Release|Any CPU
		{E35F5256-811C-407C-80FC-940C306CE313}.Debug|Any CPU.ActiveCfg = Debug|Any CPU
		{E35F5256-811C-407C-80FC-940C306CE313}.Debug|Any CPU.Build.0 = Debug|Any CPU
		{E35F5256-811C-407C-80FC-940C306CE313}.Release|Any CPU.ActiveCfg = Release|Any CPU
		{E35F5256-811C-407C-80FC-940C306CE313}.Release|Any CPU.Build.0 = Release|Any CPU
		{9752913C-438B-4448-8F0C-695DE5D1EC16}.Debug|Any CPU.ActiveCfg = Debug|Any CPU
		{9752913C-438B-4448-8F0C-695DE5D1EC16}.Debug|Any CPU.Build.0 = Debug|Any CPU
		{9752913C-438B-4448-8F0C-695DE5D1EC16}.Release|Any CPU.ActiveCfg = Release|Any CPU
		{9752913C-438B-4448-8F0C-695DE5D1EC16}.Release|Any CPU.Build.0 = Release|Any CPU
		{4C041031-85A0-481A-92D7-5E5BAE8E326A}.Debug|Any CPU.ActiveCfg = Debug|Any CPU
		{4C041031-85A0-481A-92D7-5E5BAE8E326A}.Debug|Any CPU.Build.0 = Debug|Any CPU
		{4C041031-85A0-481A-92D7-5E5BAE8E326A}.Release|Any CPU.ActiveCfg = Release|Any CPU
		{4C041031-85A0-481A-92D7-5E5BAE8E326A}.Release|Any CPU.Build.0 = Release|Any CPU
		{6EE9CBB3-880A-4ECF-B867-E7C94BC99486}.Debug|Any CPU.ActiveCfg = Debug|Any CPU
		{6EE9CBB3-880A-4ECF-B867-E7C94BC99486}.Debug|Any CPU.Build.0 = Debug|Any CPU
		{6EE9CBB3-880A-4ECF-B867-E7C94BC99486}.Release|Any CPU.ActiveCfg = Release|Any CPU
		{6EE9CBB3-880A-4ECF-B867-E7C94BC99486}.Release|Any CPU.Build.0 = Release|Any CPU
	EndGlobalSection
	GlobalSection(SolutionProperties) = preSolution
		HideSolutionNode = FALSE
	EndGlobalSection
	GlobalSection(ExtensibilityGlobals) = postSolution
		SolutionGuid = {8430F459-14E7-4549-B5A7-439B7BFED808}
	EndGlobalSection
EndGlobal
