
Microsoft Visual Studio Solution File, Format Version 12.00
# Visual Studio Version 17
VisualStudioVersion = 17.5.33516.290
MinimumVisualStudioVersion = 10.0.40219.1
Project("{FAE04EC0-301F-11D3-BF4B-00C04F79EFBC}") = "exerciciosAPartirDo16", "exerciciosAPartirDo16\exerciciosAPartirDo16.csproj", "{9124F2FA-298A-485D-89DB-3F048A616F6A}"
EndProject
Global
	GlobalSection(SolutionConfigurationPlatforms) = preSolution
		Debug|Any CPU = Debug|Any CPU
		Release|Any CPU = Release|Any CPU
	EndGlobalSection
	GlobalSection(ProjectConfigurationPlatforms) = postSolution
		{9124F2FA-298A-485D-89DB-3F048A616F6A}.Debug|Any CPU.ActiveCfg = Debug|Any CPU
		{9124F2FA-298A-485D-89DB-3F048A616F6A}.Debug|Any CPU.Build.0 = Debug|Any CPU
		{9124F2FA-298A-485D-89DB-3F048A616F6A}.Release|Any CPU.ActiveCfg = Release|Any CPU
		{9124F2FA-298A-485D-89DB-3F048A616F6A}.Release|Any CPU.Build.0 = Release|Any CPU
	EndGlobalSection
	GlobalSection(SolutionProperties) = preSolution
		HideSolutionNode = FALSE
	EndGlobalSection
	GlobalSection(ExtensibilityGlobals) = postSolution
		SolutionGuid = {7C0C1CDA-838C-4574-9C22-08EF0B541BDC}
	EndGlobalSection
EndGlobal
