
Microsoft Visual Studio Solution File, Format Version 12.00
# Visual Studio Version 17
VisualStudioVersion = 17.5.33627.172
MinimumVisualStudioVersion = 10.0.40219.1
Project("{FAE04EC0-301F-11D3-BF4B-00C04F79EFBC}") = "ClassesImportantes", "ClassesImportantes\ClassesImportantes.csproj", "{7FF703FA-97C2-4AF2-943B-E6D6A5F9A001}"
EndProject
Global
	GlobalSection(SolutionConfigurationPlatforms) = preSolution
		Debug|Any CPU = Debug|Any CPU
		Release|Any CPU = Release|Any CPU
	EndGlobalSection
	GlobalSection(ProjectConfigurationPlatforms) = postSolution
		{7FF703FA-97C2-4AF2-943B-E6D6A5F9A001}.Debug|Any CPU.ActiveCfg = Debug|Any CPU
		{7FF703FA-97C2-4AF2-943B-E6D6A5F9A001}.Debug|Any CPU.Build.0 = Debug|Any CPU
		{7FF703FA-97C2-4AF2-943B-E6D6A5F9A001}.Release|Any CPU.ActiveCfg = Release|Any CPU
		{7FF703FA-97C2-4AF2-943B-E6D6A5F9A001}.Release|Any CPU.Build.0 = Release|Any CPU
	EndGlobalSection
	GlobalSection(SolutionProperties) = preSolution
		HideSolutionNode = FALSE
	EndGlobalSection
	GlobalSection(ExtensibilityGlobals) = postSolution
		SolutionGuid = {F3C0B8D8-B19B-47D4-8B52-7FA391C8A16A}
	EndGlobalSection
EndGlobal
