
Microsoft Visual Studio Solution File, Format Version 12.00
# Visual Studio Version 17
VisualStudioVersion = 17.5.33516.290
MinimumVisualStudioVersion = 10.0.40219.1
Project("{FAE04EC0-301F-11D3-BF4B-00C04F79EFBC}") = "Variaves", "Variaves\Variaves.csproj", "{62207A75-173A-4BA9-AEFD-ACA62DADD216}"
EndProject
Global
	GlobalSection(SolutionConfigurationPlatforms) = preSolution
		Debug|Any CPU = Debug|Any CPU
		Release|Any CPU = Release|Any CPU
	EndGlobalSection
	GlobalSection(ProjectConfigurationPlatforms) = postSolution
		{62207A75-173A-4BA9-AEFD-ACA62DADD216}.Debug|Any CPU.ActiveCfg = Debug|Any CPU
		{62207A75-173A-4BA9-AEFD-ACA62DADD216}.Debug|Any CPU.Build.0 = Debug|Any CPU
		{62207A75-173A-4BA9-AEFD-ACA62DADD216}.Release|Any CPU.ActiveCfg = Release|Any CPU
		{62207A75-173A-4BA9-AEFD-ACA62DADD216}.Release|Any CPU.Build.0 = Release|Any CPU
	EndGlobalSection
	GlobalSection(SolutionProperties) = preSolution
		HideSolutionNode = FALSE
	EndGlobalSection
	GlobalSection(ExtensibilityGlobals) = postSolution
		SolutionGuid = {4EB66611-A741-4347-A93D-253E23ECFECD}
	EndGlobalSection
EndGlobal
