
Microsoft Visual Studio Solution File, Format Version 12.00
# Visual Studio Version 17
VisualStudioVersion = 17.5.33516.290
MinimumVisualStudioVersion = 10.0.40219.1
Project("{FAE04EC0-301F-11D3-BF4B-00C04F79EFBC}") = "ex005", "ex005\ex005.csproj", "{C7F90964-575C-4315-8813-B248765340EE}"
EndProject
Global
	GlobalSection(SolutionConfigurationPlatforms) = preSolution
		Debug|Any CPU = Debug|Any CPU
		Release|Any CPU = Release|Any CPU
	EndGlobalSection
	GlobalSection(ProjectConfigurationPlatforms) = postSolution
		{C7F90964-575C-4315-8813-B248765340EE}.Debug|Any CPU.ActiveCfg = Debug|Any CPU
		{C7F90964-575C-4315-8813-B248765340EE}.Debug|Any CPU.Build.0 = Debug|Any CPU
		{C7F90964-575C-4315-8813-B248765340EE}.Release|Any CPU.ActiveCfg = Release|Any CPU
		{C7F90964-575C-4315-8813-B248765340EE}.Release|Any CPU.Build.0 = Release|Any CPU
	EndGlobalSection
	GlobalSection(SolutionProperties) = preSolution
		HideSolutionNode = FALSE
	EndGlobalSection
	GlobalSection(ExtensibilityGlobals) = postSolution
		SolutionGuid = {FFCBA4D6-209B-4803-9192-17E4E051B670}
	EndGlobalSection
EndGlobal
