
Microsoft Visual Studio Solution File, Format Version 12.00
# Visual Studio Version 17
VisualStudioVersion = 17.5.33516.290
MinimumVisualStudioVersion = 10.0.40219.1
Project("{FAE04EC0-301F-11D3-BF4B-00C04F79EFBC}") = "ex016", "ex016\ex016.csproj", "{FC491ED8-EA5B-40D4-A575-681A23A6136B}"
EndProject
Global
	GlobalSection(SolutionConfigurationPlatforms) = preSolution
		Debug|Any CPU = Debug|Any CPU
		Release|Any CPU = Release|Any CPU
	EndGlobalSection
	GlobalSection(ProjectConfigurationPlatforms) = postSolution
		{FC491ED8-EA5B-40D4-A575-681A23A6136B}.Debug|Any CPU.ActiveCfg = Debug|Any CPU
		{FC491ED8-EA5B-40D4-A575-681A23A6136B}.Debug|Any CPU.Build.0 = Debug|Any CPU
		{FC491ED8-EA5B-40D4-A575-681A23A6136B}.Release|Any CPU.ActiveCfg = Release|Any CPU
		{FC491ED8-EA5B-40D4-A575-681A23A6136B}.Release|Any CPU.Build.0 = Release|Any CPU
	EndGlobalSection
	GlobalSection(SolutionProperties) = preSolution
		HideSolutionNode = FALSE
	EndGlobalSection
	GlobalSection(ExtensibilityGlobals) = postSolution
		SolutionGuid = {568F0372-08FB-4D1F-994A-E86987B2674B}
	EndGlobalSection
EndGlobal
