
Microsoft Visual Studio Solution File, Format Version 12.00
# Visual Studio Version 17
VisualStudioVersion = 17.5.33516.290
MinimumVisualStudioVersion = 10.0.40219.1
Project("{FAE04EC0-301F-11D3-BF4B-00C04F79EFBC}") = "controle", "controle\controle.csproj", "{239CE0CA-E1C3-4D91-A440-1ECE7C850635}"
EndProject
Global
	GlobalSection(SolutionConfigurationPlatforms) = preSolution
		Debug|Any CPU = Debug|Any CPU
		Release|Any CPU = Release|Any CPU
	EndGlobalSection
	GlobalSection(ProjectConfigurationPlatforms) = postSolution
		{239CE0CA-E1C3-4D91-A440-1ECE7C850635}.Debug|Any CPU.ActiveCfg = Debug|Any CPU
		{239CE0CA-E1C3-4D91-A440-1ECE7C850635}.Debug|Any CPU.Build.0 = Debug|Any CPU
		{239CE0CA-E1C3-4D91-A440-1ECE7C850635}.Release|Any CPU.ActiveCfg = Release|Any CPU
		{239CE0CA-E1C3-4D91-A440-1ECE7C850635}.Release|Any CPU.Build.0 = Release|Any CPU
	EndGlobalSection
	GlobalSection(SolutionProperties) = preSolution
		HideSolutionNode = FALSE
	EndGlobalSection
	GlobalSection(ExtensibilityGlobals) = postSolution
		SolutionGuid = {2FAE7366-3D85-4663-B27D-74CFF4C2F13E}
	EndGlobalSection
EndGlobal
